
Microsoft Visual Studio Solution File, Format Version 12.00
# Visual Studio Version 17
VisualStudioVersion = 17.2.32210.308
MinimumVisualStudioVersion = 10.0.40219.1
Project("{FAE04EC0-301F-11D3-BF4B-00C04F79EFBC}") = "Stefanini-API", "Stefanini-API\Stefanini-API.csproj", "{E7C7C6E9-9E50-45F6-A9C1-07AF34FAE058}"
EndProject
Global
	GlobalSection(SolutionConfigurationPlatforms) = preSolution
		Debug|Any CPU = Debug|Any CPU
		Release|Any CPU = Release|Any CPU
	EndGlobalSection
	GlobalSection(ProjectConfigurationPlatforms) = postSolution
		{E7C7C6E9-9E50-45F6-A9C1-07AF34FAE058}.Debug|Any CPU.ActiveCfg = Debug|Any CPU
		{E7C7C6E9-9E50-45F6-A9C1-07AF34FAE058}.Debug|Any CPU.Build.0 = Debug|Any CPU
		{E7C7C6E9-9E50-45F6-A9C1-07AF34FAE058}.Release|Any CPU.ActiveCfg = Release|Any CPU
		{E7C7C6E9-9E50-45F6-A9C1-07AF34FAE058}.Release|Any CPU.Build.0 = Release|Any CPU
	EndGlobalSection
	GlobalSection(SolutionProperties) = preSolution
		HideSolutionNode = FALSE
	EndGlobalSection
	GlobalSection(ExtensibilityGlobals) = postSolution
		SolutionGuid = {9FEBFDD6-707C-4316-B741-05EC2BEF8D2F}
	EndGlobalSection
EndGlobal
